[[package]]
category = "main"
description = "A small Python module for determining appropriate platform-specific dirs, e.g. a \"user data dir\"."
name = "appdirs"
optional = false
python-versions = "*"
version = "1.4.4"

[[package]]
category = "main"
description = "A pure Python Lex/Yacc that works with RPython"
name = "rply"
optional = false
python-versions = "*"
version = "0.7.8"

[package.dependencies]
appdirs = "*"

[metadata]
content-hash = "f5013de80f607f79dd88681cf11a06a72d21a408020b364253c7d9ca7f8a6837"
python-versions = "^3.8"

[metadata.files]
appdirs = [
    {file = "appdirs-1.4.4-py2.py3-none-any.whl", hash = "sha256:a841dacd6b99318a741b166adb07e19ee71a274450e68237b4650ca1055ab128"},
    {file = "appdirs-1.4.4.tar.gz", hash = "sha256:7d5d0167b2b1ba821647616af46a749d1c653740dd0d2415100fe26e27afdf41"},
]
rply = [
    {file = "rply-0.7.8-py2.py3-none-any.whl", hash = "sha256:28ffd11d656c48aeb8c508eb382acd6a0bd906662624b34388751732a27807e7"},
    {file = "rply-0.7.8.tar.gz", hash = "sha256:2a808ac25a4580a9991fc304d64434e299a8fc75760574492f242cbb5bb301c9"},
]
